
Microsoft Visual Studio Solution File, Format Version 12.00
# Visual Studio Version 17
VisualStudioVersion = 17.7.34221.43
MinimumVisualStudioVersion = 10.0.40219.1
Project("{FAE04EC0-301F-11D3-BF4B-00C04F79EFBC}") = "Lab5", "Lab5\Lab5.csproj", "{B509904C-F120-4AA9-95DD-6435EAB85E8F}"
EndProject
Global
	GlobalSection(SolutionConfigurationPlatforms) = preSolution
		Debug|Any CPU = Debug|Any CPU
		Release|Any CPU = Release|Any CPU
	EndGlobalSection
	GlobalSection(ProjectConfigurationPlatforms) = postSolution
		{B509904C-F120-4AA9-95DD-6435EAB85E8F}.Debug|Any CPU.ActiveCfg = Debug|Any CPU
		{B509904C-F120-4AA9-95DD-6435EAB85E8F}.Debug|Any CPU.Build.0 = Debug|Any CPU
		{B509904C-F120-4AA9-95DD-6435EAB85E8F}.Release|Any CPU.ActiveCfg = Release|Any CPU
		{B509904C-F120-4AA9-95DD-6435EAB85E8F}.Release|Any CPU.Build.0 = Release|Any CPU
	EndGlobalSection
	GlobalSection(SolutionProperties) = preSolution
		HideSolutionNode = FALSE
	EndGlobalSection
	GlobalSection(ExtensibilityGlobals) = postSolution
		SolutionGuid = {594FCA11-7CD6-4F44-8D36-3B4B0F802EED}
	EndGlobalSection
EndGlobal
